
Microsoft Visual Studio Solution File, Format Version 12.00
# Visual Studio 15
VisualStudioVersion = 15.0.27130.2003
MinimumVisualStudioVersion = 10.0.40219.1
Project("{FAE04EC0-301F-11D3-BF4B-00C04F79EFBC}") = "GitHub_Test01_VB", "GitHub_Test01_VB\GitHub_Test01_VB.csproj", "{ABFB441A-3DD9-4649-A5DC-B67B20CA7C6E}"
EndProject
Global
	GlobalSection(SolutionConfigurationPlatforms) = preSolution
		Debug|Any CPU = Debug|Any CPU
		Release|Any CPU = Release|Any CPU
	EndGlobalSection
	GlobalSection(ProjectConfigurationPlatforms) = postSolution
		{ABFB441A-3DD9-4649-A5DC-B67B20CA7C6E}.Debug|Any CPU.ActiveCfg = Debug|Any CPU
		{ABFB441A-3DD9-4649-A5DC-B67B20CA7C6E}.Debug|Any CPU.Build.0 = Debug|Any CPU
		{ABFB441A-3DD9-4649-A5DC-B67B20CA7C6E}.Release|Any CPU.ActiveCfg = Release|Any CPU
		{ABFB441A-3DD9-4649-A5DC-B67B20CA7C6E}.Release|Any CPU.Build.0 = Release|Any CPU
	EndGlobalSection
	GlobalSection(SolutionProperties) = preSolution
		HideSolutionNode = FALSE
	EndGlobalSection
	GlobalSection(ExtensibilityGlobals) = postSolution
		SolutionGuid = {7AF13828-69F7-4E51-81E7-A1D429DBFDF0}
	EndGlobalSection
EndGlobal
